
Microsoft Visual Studio Solution File, Format Version 12.00
# Visual Studio Version 16
VisualStudioVersion = 16.0.30907.101
MinimumVisualStudioVersion = 10.0.40219.1
Project("{2150E333-8FDC-42A3-9474-1A3956D46DE8}") = "src", "src", "{3C8C24A0-2789-4AF3-83FA-7E746B6F3AAE}"
EndProject
Project("{2150E333-8FDC-42A3-9474-1A3956D46DE8}") = "tests", "tests", "{EB960955-E8B3-444B-AFEF-03A1BF54DAB2}"
EndProject
Project("{2150E333-8FDC-42A3-9474-1A3956D46DE8}") = "API", "API", "{660F65DF-ECDD-4774-9F50-116C0E98EC4F}"
EndProject
Project("{2150E333-8FDC-42A3-9474-1A3956D46DE8}") = "Core", "Core", "{02B4840E-031F-445F-9FBC-F8D6F75D81A9}"
EndProject
Project("{2150E333-8FDC-42A3-9474-1A3956D46DE8}") = "Infrastructure", "Infrastructure", "{B17C4AF2-08FE-40E2-B11F-4F38CAEF5EA3}"
EndProject
Project("{2150E333-8FDC-42A3-9474-1A3956D46DE8}") = "UI", "UI", "{A510F2FA-A76D-448E-BD7D-D5FA12A6B6DF}"
EndProject
Project("{FAE04EC0-301F-11D3-BF4B-00C04F79EFBC}") = "MaxShoes.Shop.Domain", "MaxShoes.Shop.Domain\MaxShoes.Shop.Domain.csproj", "{7735A10C-A840-4002-A5BC-442E831284EA}"
EndProject
Project("{FAE04EC0-301F-11D3-BF4B-00C04F79EFBC}") = "MaxShoes.Shop.Application", "MaxShoes.Shop.Application\MaxShoes.Shop.Application.csproj", "{6D380B7B-604A-4CB3-B250-AA89FA5CCF01}"
EndProject
Global
	GlobalSection(SolutionConfigurationPlatforms) = preSolution
		Debug|Any CPU = Debug|Any CPU
		Release|Any CPU = Release|Any CPU
	EndGlobalSection
	GlobalSection(ProjectConfigurationPlatforms) = postSolution
		{7735A10C-A840-4002-A5BC-442E831284EA}.Debug|Any CPU.ActiveCfg = Debug|Any CPU
		{7735A10C-A840-4002-A5BC-442E831284EA}.Debug|Any CPU.Build.0 = Debug|Any CPU
		{7735A10C-A840-4002-A5BC-442E831284EA}.Release|Any CPU.ActiveCfg = Release|Any CPU
		{7735A10C-A840-4002-A5BC-442E831284EA}.Release|Any CPU.Build.0 = Release|Any CPU
		{6D380B7B-604A-4CB3-B250-AA89FA5CCF01}.Debug|Any CPU.ActiveCfg = Debug|Any CPU
		{6D380B7B-604A-4CB3-B250-AA89FA5CCF01}.Debug|Any CPU.Build.0 = Debug|Any CPU
		{6D380B7B-604A-4CB3-B250-AA89FA5CCF01}.Release|Any CPU.ActiveCfg = Release|Any CPU
		{6D380B7B-604A-4CB3-B250-AA89FA5CCF01}.Release|Any CPU.Build.0 = Release|Any CPU
	EndGlobalSection
	GlobalSection(SolutionProperties) = preSolution
		HideSolutionNode = FALSE
	EndGlobalSection
	GlobalSection(NestedProjects) = preSolution
		{660F65DF-ECDD-4774-9F50-116C0E98EC4F} = {3C8C24A0-2789-4AF3-83FA-7E746B6F3AAE}
		{02B4840E-031F-445F-9FBC-F8D6F75D81A9} = {3C8C24A0-2789-4AF3-83FA-7E746B6F3AAE}
		{B17C4AF2-08FE-40E2-B11F-4F38CAEF5EA3} = {3C8C24A0-2789-4AF3-83FA-7E746B6F3AAE}
		{A510F2FA-A76D-448E-BD7D-D5FA12A6B6DF} = {3C8C24A0-2789-4AF3-83FA-7E746B6F3AAE}
		{7735A10C-A840-4002-A5BC-442E831284EA} = {02B4840E-031F-445F-9FBC-F8D6F75D81A9}
		{6D380B7B-604A-4CB3-B250-AA89FA5CCF01} = {02B4840E-031F-445F-9FBC-F8D6F75D81A9}
	EndGlobalSection
	GlobalSection(ExtensibilityGlobals) = postSolution
		SolutionGuid = {8410C6DA-BC47-44AE-83AC-2860B15B69A9}
	EndGlobalSection
EndGlobal
